
Microsoft Visual Studio Solution File, Format Version 12.00
# Visual Studio Version 16
VisualStudioVersion = 16.0.29709.97
MinimumVisualStudioVersion = 10.0.40219.1
Project("{FAE04EC0-301F-11D3-BF4B-00C04F79EFBC}") = "xamarinBoxes.Android", "xamarinBoxes\xamarinBoxes.Android\xamarinBoxes.Android.csproj", "{74B3E785-0466-4668-834B-48435563E66C}"
EndProject
Project("{FAE04EC0-301F-11D3-BF4B-00C04F79EFBC}") = "xamarinBoxes.iOS", "xamarinBoxes\xamarinBoxes.iOS\xamarinBoxes.iOS.csproj", "{7FC38D7B-042E-45D8-AF61-E4CDA355CA98}"
EndProject
Project("{FAE04EC0-301F-11D3-BF4B-00C04F79EFBC}") = "xamarinBoxes", "xamarinBoxes\xamarinBoxes\xamarinBoxes.csproj", "{8D7E8793-8C40-4A02-812C-EE1E2B704D88}"
EndProject
Global
	GlobalSection(SolutionConfigurationPlatforms) = preSolution
		Debug|Any CPU = Debug|Any CPU
		Debug|iPhone = Debug|iPhone
		Debug|iPhoneSimulator = Debug|iPhoneSimulator
		Release|Any CPU = Release|Any CPU
		Release|iPhone = Release|iPhone
		Release|iPhoneSimulator = Release|iPhoneSimulator
	EndGlobalSection
	GlobalSection(ProjectConfigurationPlatforms) = postSolution
		{74B3E785-0466-4668-834B-48435563E66C}.Debug|Any CPU.ActiveCfg = Debug|Any CPU
		{74B3E785-0466-4668-834B-48435563E66C}.Debug|Any CPU.Build.0 = Debug|Any CPU
		{74B3E785-0466-4668-834B-48435563E66C}.Debug|Any CPU.Deploy.0 = Debug|Any CPU
		{74B3E785-0466-4668-834B-48435563E66C}.Debug|iPhone.ActiveCfg = Debug|Any CPU
		{74B3E785-0466-4668-834B-48435563E66C}.Debug|iPhone.Build.0 = Debug|Any CPU
		{74B3E785-0466-4668-834B-48435563E66C}.Debug|iPhone.Deploy.0 = Debug|Any CPU
		{74B3E785-0466-4668-834B-48435563E66C}.Debug|iPhoneSimulator.ActiveCfg = Debug|Any CPU
		{74B3E785-0466-4668-834B-48435563E66C}.Debug|iPhoneSimulator.Build.0 = Debug|Any CPU
		{74B3E785-0466-4668-834B-48435563E66C}.Debug|iPhoneSimulator.Deploy.0 = Debug|Any CPU
		{74B3E785-0466-4668-834B-48435563E66C}.Release|Any CPU.ActiveCfg = Release|Any CPU
		{74B3E785-0466-4668-834B-48435563E66C}.Release|Any CPU.Build.0 = Release|Any CPU
		{74B3E785-0466-4668-834B-48435563E66C}.Release|Any CPU.Deploy.0 = Release|Any CPU
		{74B3E785-0466-4668-834B-48435563E66C}.Release|iPhone.ActiveCfg = Release|Any CPU
		{74B3E785-0466-4668-834B-48435563E66C}.Release|iPhone.Build.0 = Release|Any CPU
		{74B3E785-0466-4668-834B-48435563E66C}.Release|iPhone.Deploy.0 = Release|Any CPU
		{74B3E785-0466-4668-834B-48435563E66C}.Release|iPhoneSimulator.ActiveCfg = Release|Any CPU
		{74B3E785-0466-4668-834B-48435563E66C}.Release|iPhoneSimulator.Build.0 = Release|Any CPU
		{74B3E785-0466-4668-834B-48435563E66C}.Release|iPhoneSimulator.Deploy.0 = Release|Any CPU
		{7FC38D7B-042E-45D8-AF61-E4CDA355CA98}.Debug|Any CPU.ActiveCfg = Debug|iPhoneSimulator
		{7FC38D7B-042E-45D8-AF61-E4CDA355CA98}.Debug|Any CPU.Build.0 = Debug|iPhoneSimulator
		{7FC38D7B-042E-45D8-AF61-E4CDA355CA98}.Debug|Any CPU.Deploy.0 = Debug|iPhoneSimulator
		{7FC38D7B-042E-45D8-AF61-E4CDA355CA98}.Debug|iPhone.ActiveCfg = Debug|iPhone
		{7FC38D7B-042E-45D8-AF61-E4CDA355CA98}.Debug|iPhone.Build.0 = Debug|iPhone
		{7FC38D7B-042E-45D8-AF61-E4CDA355CA98}.Debug|iPhone.Deploy.0 = Debug|iPhone
		{7FC38D7B-042E-45D8-AF61-E4CDA355CA98}.Debug|iPhoneSimulator.ActiveCfg = Debug|iPhoneSimulator
		{7FC38D7B-042E-45D8-AF61-E4CDA355CA98}.Debug|iPhoneSimulator.Build.0 = Debug|iPhoneSimulator
		{7FC38D7B-042E-45D8-AF61-E4CDA355CA98}.Debug|iPhoneSimulator.Deploy.0 = Debug|iPhoneSimulator
		{7FC38D7B-042E-45D8-AF61-E4CDA355CA98}.Release|Any CPU.ActiveCfg = Release|iPhone
		{7FC38D7B-042E-45D8-AF61-E4CDA355CA98}.Release|Any CPU.Build.0 = Release|iPhone
		{7FC38D7B-042E-45D8-AF61-E4CDA355CA98}.Release|Any CPU.Deploy.0 = Release|iPhone
		{7FC38D7B-042E-45D8-AF61-E4CDA355CA98}.Release|iPhone.ActiveCfg = Release|iPhone
		{7FC38D7B-042E-45D8-AF61-E4CDA355CA98}.Release|iPhone.Build.0 = Release|iPhone
		{7FC38D7B-042E-45D8-AF61-E4CDA355CA98}.Release|iPhone.Deploy.0 = Release|iPhone
		{7FC38D7B-042E-45D8-AF61-E4CDA355CA98}.Release|iPhoneSimulator.ActiveCfg = Release|iPhoneSimulator
		{7FC38D7B-042E-45D8-AF61-E4CDA355CA98}.Release|iPhoneSimulator.Build.0 = Release|iPhoneSimulator
		{7FC38D7B-042E-45D8-AF61-E4CDA355CA98}.Release|iPhoneSimulator.Deploy.0 = Release|iPhoneSimulator
		{8D7E8793-8C40-4A02-812C-EE1E2B704D88}.Debug|Any CPU.ActiveCfg = Debug|Any CPU
		{8D7E8793-8C40-4A02-812C-EE1E2B704D88}.Debug|Any CPU.Build.0 = Debug|Any CPU
		{8D7E8793-8C40-4A02-812C-EE1E2B704D88}.Debug|Any CPU.Deploy.0 = Debug|Any CPU
		{8D7E8793-8C40-4A02-812C-EE1E2B704D88}.Debug|iPhone.ActiveCfg = Debug|Any CPU
		{8D7E8793-8C40-4A02-812C-EE1E2B704D88}.Debug|iPhone.Build.0 = Debug|Any CPU
		{8D7E8793-8C40-4A02-812C-EE1E2B704D88}.Debug|iPhone.Deploy.0 = Debug|Any CPU
		{8D7E8793-8C40-4A02-812C-EE1E2B704D88}.Debug|iPhoneSimulator.ActiveCfg = Debug|Any CPU
		{8D7E8793-8C40-4A02-812C-EE1E2B704D88}.Debug|iPhoneSimulator.Build.0 = Debug|Any CPU
		{8D7E8793-8C40-4A02-812C-EE1E2B704D88}.Debug|iPhoneSimulator.Deploy.0 = Debug|Any CPU
		{8D7E8793-8C40-4A02-812C-EE1E2B704D88}.Release|Any CPU.ActiveCfg = Release|Any CPU
		{8D7E8793-8C40-4A02-812C-EE1E2B704D88}.Release|Any CPU.Build.0 = Release|Any CPU
		{8D7E8793-8C40-4A02-812C-EE1E2B704D88}.Release|Any CPU.Deploy.0 = Release|Any CPU
		{8D7E8793-8C40-4A02-812C-EE1E2B704D88}.Release|iPhone.ActiveCfg = Release|Any CPU
		{8D7E8793-8C40-4A02-812C-EE1E2B704D88}.Release|iPhone.Build.0 = Release|Any CPU
		{8D7E8793-8C40-4A02-812C-EE1E2B704D88}.Release|iPhone.Deploy.0 = Release|Any CPU
		{8D7E8793-8C40-4A02-812C-EE1E2B704D88}.Release|iPhoneSimulator.ActiveCfg = Release|Any CPU
		{8D7E8793-8C40-4A02-812C-EE1E2B704D88}.Release|iPhoneSimulator.Build.0 = Release|Any CPU
		{8D7E8793-8C40-4A02-812C-EE1E2B704D88}.Release|iPhoneSimulator.Deploy.0 = Release|Any CPU
	EndGlobalSection
	GlobalSection(SolutionProperties) = preSolution
		HideSolutionNode = FALSE
	EndGlobalSection
	GlobalSection(ExtensibilityGlobals) = postSolution
		SolutionGuid = {6EDB179D-2971-4A39-B3E4-34D25CD86C38}
	EndGlobalSection
EndGlobal
