
Microsoft Visual Studio Solution File, Format Version 12.00
# Visual Studio Version 16
VisualStudioVersion = 16.0.29418.71
MinimumVisualStudioVersion = 10.0.40219.1
Project("{FAE04EC0-301F-11D3-BF4B-00C04F79EFBC}") = "Lession05", "Lession05\Lession05.csproj", "{A54CDE42-91B9-4790-8393-E9E5253C071A}"
EndProject
Global
	GlobalSection(SolutionConfigurationPlatforms) = preSolution
		Debug|Any CPU = Debug|Any CPU
		Release|Any CPU = Release|Any CPU
	EndGlobalSection
	GlobalSection(ProjectConfigurationPlatforms) = postSolution
		{A54CDE42-91B9-4790-8393-E9E5253C071A}.Debug|Any CPU.ActiveCfg = Debug|Any CPU
		{A54CDE42-91B9-4790-8393-E9E5253C071A}.Debug|Any CPU.Build.0 = Debug|Any CPU
		{A54CDE42-91B9-4790-8393-E9E5253C071A}.Release|Any CPU.ActiveCfg = Release|Any CPU
		{A54CDE42-91B9-4790-8393-E9E5253C071A}.Release|Any CPU.Build.0 = Release|Any CPU
	EndGlobalSection
	GlobalSection(SolutionProperties) = preSolution
		HideSolutionNode = FALSE
	EndGlobalSection
	GlobalSection(ExtensibilityGlobals) = postSolution
		SolutionGuid = {A08252F0-11B5-41FB-A33C-5455D828DCE4}
	EndGlobalSection
EndGlobal
